
Microsoft Visual Studio Solution File, Format Version 12.00
# Visual Studio Version 16
VisualStudioVersion = 16.0.28407.52
MinimumVisualStudioVersion = 10.0.40219.1
Project("{FAE04EC0-301F-11D3-BF4B-00C04F79EFBC}") = "JABAL", "JABAL.csproj", "{FAF09A6F-27DF-4333-AEFB-D4F313F7BF37}"
EndProject
Global
	GlobalSection(SolutionConfigurationPlatforms) = preSolution
		Debug|Any CPU = Debug|Any CPU
		Release|Any CPU = Release|Any CPU
	EndGlobalSection
	GlobalSection(ProjectConfigurationPlatforms) = postSolution
		{FAF09A6F-27DF-4333-AEFB-D4F313F7BF37}.Debug|Any CPU.ActiveCfg = Debug|Any CPU
		{FAF09A6F-27DF-4333-AEFB-D4F313F7BF37}.Debug|Any CPU.Build.0 = Debug|Any CPU
		{FAF09A6F-27DF-4333-AEFB-D4F313F7BF37}.Release|Any CPU.ActiveCfg = Release|Any CPU
		{FAF09A6F-27DF-4333-AEFB-D4F313F7BF37}.Release|Any CPU.Build.0 = Release|Any CPU
	EndGlobalSection
	GlobalSection(SolutionProperties) = preSolution
		HideSolutionNode = FALSE
	EndGlobalSection
	GlobalSection(ExtensibilityGlobals) = postSolution
		SolutionGuid = {C2096084-5F7C-45F5-BDE6-FE2B7B5FA4AD}
	EndGlobalSection
EndGlobal
