
Microsoft Visual Studio Solution File, Format Version 12.00
# Visual Studio Version 16
VisualStudioVersion = 16.0.28407.52
MinimumVisualStudioVersion = 10.0.40219.1
Project("{FAE04EC0-301F-11D3-BF4B-00C04F79EFBC}") = "CSOLID", "CSOLID.csproj", "{933DB333-9E13-412E-A828-49B5B409D508}"
EndProject
Global
	GlobalSection(SolutionConfigurationPlatforms) = preSolution
		Debug|Any CPU = Debug|Any CPU
		Release|Any CPU = Release|Any CPU
	EndGlobalSection
	GlobalSection(ProjectConfigurationPlatforms) = postSolution
		{933DB333-9E13-412E-A828-49B5B409D508}.Debug|Any CPU.ActiveCfg = Debug|Any CPU
		{933DB333-9E13-412E-A828-49B5B409D508}.Debug|Any CPU.Build.0 = Debug|Any CPU
		{933DB333-9E13-412E-A828-49B5B409D508}.Release|Any CPU.ActiveCfg = Release|Any CPU
		{933DB333-9E13-412E-A828-49B5B409D508}.Release|Any CPU.Build.0 = Release|Any CPU
	EndGlobalSection
	GlobalSection(SolutionProperties) = preSolution
		HideSolutionNode = FALSE
	EndGlobalSection
	GlobalSection(ExtensibilityGlobals) = postSolution
		SolutionGuid = {99D5E936-8C4B-4647-920C-4D845C6660EA}
	EndGlobalSection
EndGlobal
